<Solution>
  <Folder Name="/src/">
    <Project Path="src/CashTracer.Application/CashTracer.Application.csproj" />
    <Project Path="src/CashTracer.Domain/CashTracer.Domain.csproj" />
    <Project Path="src/CashTracer/CashTracer.csproj" />
  </Folder>
  <Folder Name="/test/">
    <Project Path="test/CashTracer.UnitTests/CashTracer.UnitTests.csproj" />
  </Folder>
</Solution>
